
Microsoft Visual Studio Solution File, Format Version 12.00
# Visual Studio Version 16
VisualStudioVersion = 16.0.31205.134
MinimumVisualStudioVersion = 10.0.40219.1
Project("{FAE04EC0-301F-11D3-BF4B-00C04F79EFBC}") = "SetRounds", "SetRounds.csproj", "{AC907D63-5C76-4209-A364-BE074036BC3D}"
EndProject
Global
	GlobalSection(SolutionConfigurationPlatforms) = preSolution
		Debug|Any CPU = Debug|Any CPU
		Release|Any CPU = Release|Any CPU
	EndGlobalSection
	GlobalSection(ProjectConfigurationPlatforms) = postSolution
		{AC907D63-5C76-4209-A364-BE074036BC3D}.Debug|Any CPU.ActiveCfg = Debug|Any CPU
		{AC907D63-5C76-4209-A364-BE074036BC3D}.Debug|Any CPU.Build.0 = Debug|Any CPU
		{AC907D63-5C76-4209-A364-BE074036BC3D}.Release|Any CPU.ActiveCfg = Release|Any CPU
		{AC907D63-5C76-4209-A364-BE074036BC3D}.Release|Any CPU.Build.0 = Release|Any CPU
	EndGlobalSection
	GlobalSection(SolutionProperties) = preSolution
		HideSolutionNode = FALSE
	EndGlobalSection
	GlobalSection(ExtensibilityGlobals) = postSolution
		SolutionGuid = {A5484A16-90F5-49D7-9893-4D91A718F955}
	EndGlobalSection
EndGlobal
